
Microsoft Visual Studio Solution File, Format Version 12.00
# Visual Studio 15
VisualStudioVersion = 15.0.27428.2037
MinimumVisualStudioVersion = 10.0.40219.1
Project("{FAE04EC0-301F-11D3-BF4B-00C04F79EFBC}") = "CountAny", "CountAny\CountAny.csproj", "{660139C5-85BA-4060-81A0-F1B9E0865DDC}"
EndProject
Global
	GlobalSection(SolutionConfigurationPlatforms) = preSolution
		Debug|Any CPU = Debug|Any CPU
		Release|Any CPU = Release|Any CPU
	EndGlobalSection
	GlobalSection(ProjectConfigurationPlatforms) = postSolution
		{660139C5-85BA-4060-81A0-F1B9E0865DDC}.Debug|Any CPU.ActiveCfg = Debug|Any CPU
		{660139C5-85BA-4060-81A0-F1B9E0865DDC}.Debug|Any CPU.Build.0 = Debug|Any CPU
		{660139C5-85BA-4060-81A0-F1B9E0865DDC}.Release|Any CPU.ActiveCfg = Release|Any CPU
		{660139C5-85BA-4060-81A0-F1B9E0865DDC}.Release|Any CPU.Build.0 = Release|Any CPU
	EndGlobalSection
	GlobalSection(SolutionProperties) = preSolution
		HideSolutionNode = FALSE
	EndGlobalSection
	GlobalSection(ExtensibilityGlobals) = postSolution
		SolutionGuid = {D1BF3EDD-228B-4F89-88A6-35412F674AB4}
	EndGlobalSection
EndGlobal
